// !$*UTF8*$!
{
	archiveVersion = 1;
	classes = {
	};
	objectVersion = 56;
	objects = {

/* Begin PBXBuildFile section */
		E88BB64C2AB744E100662E35 /* SwiftUIButtonApp.swift in Sources */ = {isa = PBXBuildFile; fileRef = E88BB64B2AB744E100662E35 /* SwiftUIButtonApp.swift */; };
		E88BB64E2AB744E100662E35 /* ContentView.swift in Sources */ = {isa = PBXBuildFile; fileRef = E88BB64D2AB744E100662E35 /* ContentView.swift */; };
		E88BB6502AB744E300662E35 /* Assets.xcassets in Resources */ = {isa = PBXBuildFile; fileRef = E88BB64F2AB744E300662E35 /* Assets.xcassets */; };
		E88BB6532AB744E300662E35 /* Preview Assets.xcassets in Resources */ = {isa = PBXBuildFile; fileRef = E88BB6522AB744E300662E35 /* Preview Assets.xcassets */; };
		E88BB65A2AB7456200662E35 /* CustomButtonView1.swift in Sources */ = {isa = PBXBuildFile; fileRef = E88BB6592AB7456200662E35 /* CustomButtonView1.swift */; };
		E88BB65C2AB745D300662E35 /* CustomButtonView2.swift in Sources */ = {isa = PBXBuildFile; fileRef = E88BB65B2AB745D300662E35 /* CustomButtonView2.swift */; };
		E88BB65E2AB746AF00662E35 /* CustomButtonView3.swift in Sources */ = {isa = PBXBuildFile; fileRef = E88BB65D2AB746AF00662E35 /* CustomButtonView3.swift */; };
		E88BB6602AB7488D00662E35 /* CustomButtonView5.swift in Sources */ = {isa = PBXBuildFile; fileRef = E88BB65F2AB7488D00662E35 /* CustomButtonView5.swift */; };
		E88BB6622AB74A5500662E35 /* CustomButtonView4.swift in Sources */ = {isa = PBXBuildFile; fileRef = E88BB6612AB74A5500662E35 /* CustomButtonView4.swift */; };
		E88BB6642AB74AEC00662E35 /* CustomButtonView6.swift in Sources */ = {isa = PBXBuildFile; fileRef = E88BB6632AB74AEC00662E35 /* CustomButtonView6.swift */; };
		E88BB6662AB74BA900662E35 /* CustomButtonView7.swift in Sources */ = {isa = PBXBuildFile; fileRef = E88BB6652AB74BA900662E35 /* CustomButtonView7.swift */; };
		E88BB6682AB74E0F00662E35 /* CustomButtonView8.swift in Sources */ = {isa = PBXBuildFile; fileRef = E88BB6672AB74E0F00662E35 /* CustomButtonView8.swift */; };
		E88BB66A2AB74F6300662E35 /* GradientBackgroundStyle.swift in Sources */ = {isa = PBXBuildFile; fileRef = E88BB6692AB74F6300662E35 /* GradientBackgroundStyle.swift */; };
		E88BB66C2AB74FD000662E35 /* CustomButtonView9.swift in Sources */ = {isa = PBXBuildFile; fileRef = E88BB66B2AB74FD000662E35 /* CustomButtonView9.swift */; };
		E88BB66E2AB7520B00662E35 /* ExerciseView1.swift in Sources */ = {isa = PBXBuildFile; fileRef = E88BB66D2AB7520B00662E35 /* ExerciseView1.swift */; };
		E88BB6702AB7530D00662E35 /* CustomButtonView10.swift in Sources */ = {isa = PBXBuildFile; fileRef = E88BB66F2AB7530D00662E35 /* CustomButtonView10.swift */; };
		E88BB6722AB753BF00662E35 /* CustomButtonView11.swift in Sources */ = {isa = PBXBuildFile; fileRef = E88BB6712AB753BF00662E35 /* CustomButtonView11.swift */; };
		E88BB6742AB7548500662E35 /* CustomButtonView12.swift in Sources */ = {isa = PBXBuildFile; fileRef = E88BB6732AB7548500662E35 /* CustomButtonView12.swift */; };
/* End PBXBuildFile section */

/* Begin PBXFileReference section */
		E88BB6482AB744E100662E35 /* SwiftUIButton.app */ = {isa = PBXFileReference; explicitFileType = wrapper.application; includeInIndex = 0; path = SwiftUIButton.app; sourceTree = BUILT_PRODUCTS_DIR; };
		E88BB64B2AB744E100662E35 /* SwiftUIButtonApp.swift */ = {isa = PBXFileReference; lastKnownFileType = sourcecode.swift; path = SwiftUIButtonApp.swift; sourceTree = "<group>"; };
		E88BB64D2AB744E100662E35 /* ContentView.swift */ = {isa = PBXFileReference; lastKnownFileType = sourcecode.swift; path = ContentView.swift; sourceTree = "<group>"; };
		E88BB64F2AB744E300662E35 /* Assets.xcassets */ = {isa = PBXFileReference; lastKnownFileType = folder.assetcatalog; path = Assets.xcassets; sourceTree = "<group>"; };
		E88BB6522AB744E300662E35 /* Preview Assets.xcassets */ = {isa = PBXFileReference; lastKnownFileType = folder.assetcatalog; path = "Preview Assets.xcassets"; sourceTree = "<group>"; };
		E88BB6592AB7456200662E35 /* CustomButtonView1.swift */ = {isa = PBXFileReference; lastKnownFileType = sourcecode.swift; path = CustomButtonView1.swift; sourceTree = "<group>"; };
		E88BB65B2AB745D300662E35 /* CustomButtonView2.swift */ = {isa = PBXFileReference; lastKnownFileType = sourcecode.swift; path = CustomButtonView2.swift; sourceTree = "<group>"; };
		E88BB65D2AB746AF00662E35 /* CustomButtonView3.swift */ = {isa = PBXFileReference; lastKnownFileType = sourcecode.swift; path = CustomButtonView3.swift; sourceTree = "<group>"; };
		E88BB65F2AB7488D00662E35 /* CustomButtonView5.swift */ = {isa = PBXFileReference; lastKnownFileType = sourcecode.swift; path = CustomButtonView5.swift; sourceTree = "<group>"; };
		E88BB6612AB74A5500662E35 /* CustomButtonView4.swift */ = {isa = PBXFileReference; lastKnownFileType = sourcecode.swift; path = CustomButtonView4.swift; sourceTree = "<group>"; };
		E88BB6632AB74AEC00662E35 /* CustomButtonView6.swift */ = {isa = PBXFileReference; lastKnownFileType = sourcecode.swift; path = CustomButtonView6.swift; sourceTree = "<group>"; };
		E88BB6652AB74BA900662E35 /* CustomButtonView7.swift */ = {isa = PBXFileReference; lastKnownFileType = sourcecode.swift; path = CustomButtonView7.swift; sourceTree = "<group>"; };
		E88BB6672AB74E0F00662E35 /* CustomButtonView8.swift */ = {isa = PBXFileReference; lastKnownFileType = sourcecode.swift; path = CustomButtonView8.swift; sourceTree = "<group>"; };
		E88BB6692AB74F6300662E35 /* GradientBackgroundStyle.swift */ = {isa = PBXFileReference; lastKnownFileType = sourcecode.swift; path = GradientBackgroundStyle.swift; sourceTree = "<group>"; };
		E88BB66B2AB74FD000662E35 /* CustomButtonView9.swift */ = {isa = PBXFileReference; lastKnownFileType = sourcecode.swift; path = CustomButtonView9.swift; sourceTree = "<group>"; };
		E88BB66D2AB7520B00662E35 /* ExerciseView1.swift */ = {isa = PBXFileReference; lastKnownFileType = sourcecode.swift; path = ExerciseView1.swift; sourceTree = "<group>"; };
		E88BB66F2AB7530D00662E35 /* CustomButtonView10.swift */ = {isa = PBXFileReference; lastKnownFileType = sourcecode.swift; path = CustomButtonView10.swift; sourceTree = "<group>"; };
		E88BB6712AB753BF00662E35 /* CustomButtonView11.swift */ = {isa = PBXFileReference; lastKnownFileType = sourcecode.swift; path = CustomButtonView11.swift; sourceTree = "<group>"; };
		E88BB6732AB7548500662E35 /* CustomButtonView12.swift */ = {isa = PBXFileReference; lastKnownFileType = sourcecode.swift; path = CustomButtonView12.swift; sourceTree = "<group>"; };
/* End PBXFileReference section */

/* Begin PBXFrameworksBuildPhase section */
		E88BB6452AB744E100662E35 /* Frameworks */ = {
			isa = PBXFrameworksBuildPhase;
			buildActionMask = 2147483647;
			files = (
			);
			runOnlyForDeploymentPostprocessing = 0;
		};
/* End PBXFrameworksBuildPhase section */

/* Begin PBXGroup section */
		E88BB63F2AB744E100662E35 = {
			isa = PBXGroup;
			children = (
				E88BB64A2AB744E100662E35 /* SwiftUIButton */,
				E88BB6492AB744E100662E35 /* Products */,
			);
			sourceTree = "<group>";
		};
		E88BB6492AB744E100662E35 /* Products */ = {
			isa = PBXGroup;
			children = (
				E88BB6482AB744E100662E35 /* SwiftUIButton.app */,
			);
			name = Products;
			sourceTree = "<group>";
		};
		E88BB64A2AB744E100662E35 /* SwiftUIButton */ = {
			isa = PBXGroup;
			children = (
				E88BB64D2AB744E100662E35 /* ContentView.swift */,
				E88BB6592AB7456200662E35 /* CustomButtonView1.swift */,
				E88BB65B2AB745D300662E35 /* CustomButtonView2.swift */,
				E88BB65D2AB746AF00662E35 /* CustomButtonView3.swift */,
				E88BB6612AB74A5500662E35 /* CustomButtonView4.swift */,
				E88BB65F2AB7488D00662E35 /* CustomButtonView5.swift */,
				E88BB6632AB74AEC00662E35 /* CustomButtonView6.swift */,
				E88BB6652AB74BA900662E35 /* CustomButtonView7.swift */,
				E88BB6672AB74E0F00662E35 /* CustomButtonView8.swift */,
				E88BB66B2AB74FD000662E35 /* CustomButtonView9.swift */,
				E88BB66F2AB7530D00662E35 /* CustomButtonView10.swift */,
				E88BB66D2AB7520B00662E35 /* ExerciseView1.swift */,
				E88BB6692AB74F6300662E35 /* GradientBackgroundStyle.swift */,
				E88BB64B2AB744E100662E35 /* SwiftUIButtonApp.swift */,
				E88BB64F2AB744E300662E35 /* Assets.xcassets */,
				E88BB6512AB744E300662E35 /* Preview Content */,
				E88BB6712AB753BF00662E35 /* CustomButtonView11.swift */,
				E88BB6732AB7548500662E35 /* CustomButtonView12.swift */,
			);
			path = SwiftUIButton;
			sourceTree = "<group>";
		};
		E88BB6512AB744E300662E35 /* Preview Content */ = {
			isa = PBXGroup;
			children = (
				E88BB6522AB744E300662E35 /* Preview Assets.xcassets */,
			);
			path = "Preview Content";
			sourceTree = "<group>";
		};
/* End PBXGroup section */

/* Begin PBXNativeTarget section */
		E88BB6472AB744E100662E35 /* SwiftUIButton */ = {
			isa = PBXNativeTarget;
			buildConfigurationList = E88BB6562AB744E300662E35 /* Build configuration list for PBXNativeTarget "SwiftUIButton" */;
			buildPhases = (
				E88BB6442AB744E100662E35 /* Sources */,
				E88BB6452AB744E100662E35 /* Frameworks */,
				E88BB6462AB744E100662E35 /* Resources */,
			);
			buildRules = (
			);
			dependencies = (
			);
			name = SwiftUIButton;
			productName = SwiftUIButton;
			productReference = E88BB6482AB744E100662E35 /* SwiftUIButton.app */;
			productType = "com.apple.product-type.application";
		};
/* End PBXNativeTarget section */

/* Begin PBXProject section */
		E88BB6402AB744E100662E35 /* Project object */ = {
			isa = PBXProject;
			attributes = {
				BuildIndependentTargetsInParallel = 1;
				LastSwiftUpdateCheck = 1500;
				LastUpgradeCheck = 1500;
				TargetAttributes = {
					E88BB6472AB744E100662E35 = {
						CreatedOnToolsVersion = 15.0;
					};
				};
			};
			buildConfigurationList = E88BB6432AB744E100662E35 /* Build configuration list for PBXProject "SwiftUIButton" */;
			compatibilityVersion = "Xcode 14.0";
			developmentRegion = en;
			hasScannedForEncodings = 0;
			knownRegions = (
				en,
				Base,
			);
			mainGroup = E88BB63F2AB744E100662E35;
			productRefGroup = E88BB6492AB744E100662E35 /* Products */;
			projectDirPath = "";
			projectRoot = "";
			targets = (
				E88BB6472AB744E100662E35 /* SwiftUIButton */,
			);
		};
/* End PBXProject section */

/* Begin PBXResourcesBuildPhase section */
		E88BB6462AB744E100662E35 /* Resources */ = {
			isa = PBXResourcesBuildPhase;
			buildActionMask = 2147483647;
			files = (
				E88BB6532AB744E300662E35 /* Preview Assets.xcassets in Resources */,
				E88BB6502AB744E300662E35 /* Assets.xcassets in Resources */,
			);
			runOnlyForDeploymentPostprocessing = 0;
		};
/* End PBXResourcesBuildPhase section */

/* Begin PBXSourcesBuildPhase section */
		E88BB6442AB744E100662E35 /* Sources */ = {
			isa = PBXSourcesBuildPhase;
			buildActionMask = 2147483647;
			files = (
				E88BB66A2AB74F6300662E35 /* GradientBackgroundStyle.swift in Sources */,
				E88BB6682AB74E0F00662E35 /* CustomButtonView8.swift in Sources */,
				E88BB6662AB74BA900662E35 /* CustomButtonView7.swift in Sources */,
				E88BB64E2AB744E100662E35 /* ContentView.swift in Sources */,
				E88BB65E2AB746AF00662E35 /* CustomButtonView3.swift in Sources */,
				E88BB66C2AB74FD000662E35 /* CustomButtonView9.swift in Sources */,
				E88BB6642AB74AEC00662E35 /* CustomButtonView6.swift in Sources */,
				E88BB65A2AB7456200662E35 /* CustomButtonView1.swift in Sources */,
				E88BB6742AB7548500662E35 /* CustomButtonView12.swift in Sources */,
				E88BB6722AB753BF00662E35 /* CustomButtonView11.swift in Sources */,
				E88BB65C2AB745D300662E35 /* CustomButtonView2.swift in Sources */,
				E88BB6602AB7488D00662E35 /* CustomButtonView5.swift in Sources */,
				E88BB6622AB74A5500662E35 /* CustomButtonView4.swift in Sources */,
				E88BB66E2AB7520B00662E35 /* ExerciseView1.swift in Sources */,
				E88BB6702AB7530D00662E35 /* CustomButtonView10.swift in Sources */,
				E88BB64C2AB744E100662E35 /* SwiftUIButtonApp.swift in Sources */,
			);
			runOnlyForDeploymentPostprocessing = 0;
		};
/* End PBXSourcesBuildPhase section */

/* Begin XCBuildConfiguration section */
		E88BB6542AB744E300662E35 /* Debug */ = {
			isa = XCBuildConfiguration;
			buildSettings = {
				ALWAYS_SEARCH_USER_PATHS = NO;
				ASSETCATALOG_COMPILER_GENERATE_SWIFT_ASSET_SYMBOL_EXTENSIONS = YES;
				CLANG_ANALYZER_NONNULL = YES;
				CLANG_ANALYZER_NUMBER_OBJECT_CONVERSION = YES_AGGRESSIVE;
				CLANG_CXX_LANGUAGE_STANDARD = "gnu++20";
				CLANG_ENABLE_MODULES = YES;
				CLANG_ENABLE_OBJC_ARC = YES;
				CLANG_ENABLE_OBJC_WEAK = YES;
				CLANG_WARN_BLOCK_CAPTURE_AUTORELEASING = YES;
				CLANG_WARN_BOOL_CONVERSION = YES;
				CLANG_WARN_COMMA = YES;
				CLANG_WARN_CONSTANT_CONVERSION = YES;
				CLANG_WARN_DEPRECATED_OBJC_IMPLEMENTATIONS = YES;
				CLANG_WARN_DIRECT_OBJC_ISA_USAGE = YES_ERROR;
				CLANG_WARN_DOCUMENTATION_COMMENTS = YES;
				CLANG_WARN_EMPTY_BODY = YES;
				CLANG_WARN_ENUM_CONVERSION = YES;
				CLANG_WARN_INFINITE_RECURSION = YES;
				CLANG_WARN_INT_CONVERSION = YES;
				CLANG_WARN_NON_LITERAL_NULL_CONVERSION = YES;
				CLANG_WARN_OBJC_IMPLICIT_RETAIN_SELF = YES;
				CLANG_WARN_OBJC_LITERAL_CONVERSION = YES;
				CLANG_WARN_OBJC_ROOT_CLASS = YES_ERROR;
				CLANG_WARN_QUOTED_INCLUDE_IN_FRAMEWORK_HEADER = YES;
				CLANG_WARN_RANGE_LOOP_ANALYSIS = YES;
				CLANG_WARN_STRICT_PROTOTYPES = YES;
				CLANG_WARN_SUSPICIOUS_MOVE = YES;
				CLANG_WARN_UNGUARDED_AVAILABILITY = YES_AGGRESSIVE;
				CLANG_WARN_UNREACHABLE_CODE = YES;
				CLANG_WARN__DUPLICATE_METHOD_MATCH = YES;
				COPY_PHASE_STRIP = NO;
				DEBUG_INFORMATION_FORMAT = dwarf;
				ENABLE_STRICT_OBJC_MSGSEND = YES;
				ENABLE_TESTABILITY = YES;
				ENABLE_USER_SCRIPT_SANDBOXING = YES;
				GCC_C_LANGUAGE_STANDARD = gnu17;
				GCC_DYNAMIC_NO_PIC = NO;
				GCC_NO_COMMON_BLOCKS = YES;
				GCC_OPTIMIZATION_LEVEL = 0;
				GCC_PREPROCESSOR_DEFINITIONS = (
					"DEBUG=1",
					"$(inherited)",
				);
				GCC_WARN_64_TO_32_BIT_CONVERSION = YES;
				GCC_WARN_ABOUT_RETURN_TYPE = YES_ERROR;
				GCC_WARN_UNDECLARED_SELECTOR = YES;
				GCC_WARN_UNINITIALIZED_AUTOS = YES_AGGRESSIVE;
				GCC_WARN_UNUSED_FUNCTION = YES;
				GCC_WARN_UNUSED_VARIABLE = YES;
				IPHONEOS_DEPLOYMENT_TARGET = 17.0;
				LOCALIZATION_PREFERS_STRING_CATALOGS = YES;
				MTL_ENABLE_DEBUG_INFO = INCLUDE_SOURCE;
				MTL_FAST_MATH = YES;
				ONLY_ACTIVE_ARCH = YES;
				SDKROOT = iphoneos;
				SWIFT_ACTIVE_COMPILATION_CONDITIONS = "DEBUG $(inherited)";
				SWIFT_OPTIMIZATION_LEVEL = "-Onone";
			};
			name = Debug;
		};
		E88BB6552AB744E300662E35 /* Release */ = {
			isa = XCBuildConfiguration;
			buildSettings = {
				ALWAYS_SEARCH_USER_PATHS = NO;
				ASSETCATALOG_COMPILER_GENERATE_SWIFT_ASSET_SYMBOL_EXTENSIONS = YES;
				CLANG_ANALYZER_NONNULL = YES;
				CLANG_ANALYZER_NUMBER_OBJECT_CONVERSION = YES_AGGRESSIVE;
				CLANG_CXX_LANGUAGE_STANDARD = "gnu++20";
				CLANG_ENABLE_MODULES = YES;
				CLANG_ENABLE_OBJC_ARC = YES;
				CLANG_ENABLE_OBJC_WEAK = YES;
				CLANG_WARN_BLOCK_CAPTURE_AUTORELEASING = YES;
				CLANG_WARN_BOOL_CONVERSION = YES;
				CLANG_WARN_COMMA = YES;
				CLANG_WARN_CONSTANT_CONVERSION = YES;
				CLANG_WARN_DEPRECATED_OBJC_IMPLEMENTATIONS = YES;
				CLANG_WARN_DIRECT_OBJC_ISA_USAGE = YES_ERROR;
				CLANG_WARN_DOCUMENTATION_COMMENTS = YES;
				CLANG_WARN_EMPTY_BODY = YES;
				CLANG_WARN_ENUM_CONVERSION = YES;
				CLANG_WARN_INFINITE_RECURSION = YES;
				CLANG_WARN_INT_CONVERSION = YES;
				CLANG_WARN_NON_LITERAL_NULL_CONVERSION = YES;
				CLANG_WARN_OBJC_IMPLICIT_RETAIN_SELF = YES;
				CLANG_WARN_OBJC_LITERAL_CONVERSION = YES;
				CLANG_WARN_OBJC_ROOT_CLASS = YES_ERROR;
				CLANG_WARN_QUOTED_INCLUDE_IN_FRAMEWORK_HEADER = YES;
				CLANG_WARN_RANGE_LOOP_ANALYSIS = YES;
				CLANG_WARN_STRICT_PROTOTYPES = YES;
				CLANG_WARN_SUSPICIOUS_MOVE = YES;
				CLANG_WARN_UNGUARDED_AVAILABILITY = YES_AGGRESSIVE;
				CLANG_WARN_UNREACHABLE_CODE = YES;
				CLANG_WARN__DUPLICATE_METHOD_MATCH = YES;
				COPY_PHASE_STRIP = NO;
				DEBUG_INFORMATION_FORMAT = "dwarf-with-dsym";
				ENABLE_NS_ASSERTIONS = NO;
				ENABLE_STRICT_OBJC_MSGSEND = YES;
				ENABLE_USER_SCRIPT_SANDBOXING = YES;
				GCC_C_LANGUAGE_STANDARD = gnu17;
				GCC_NO_COMMON_BLOCKS = YES;
				GCC_WARN_64_TO_32_BIT_CONVERSION = YES;
				GCC_WARN_ABOUT_RETURN_TYPE = YES_ERROR;
				GCC_WARN_UNDECLARED_SELECTOR = YES;
				GCC_WARN_UNINITIALIZED_AUTOS = YES_AGGRESSIVE;
				GCC_WARN_UNUSED_FUNCTION = YES;
				GCC_WARN_UNUSED_VARIABLE = YES;
				IPHONEOS_DEPLOYMENT_TARGET = 17.0;
				LOCALIZATION_PREFERS_STRING_CATALOGS = YES;
				MTL_ENABLE_DEBUG_INFO = NO;
				MTL_FAST_MATH = YES;
				SDKROOT = iphoneos;
				SWIFT_COMPILATION_MODE = wholemodule;
				VALIDATE_PRODUCT = YES;
			};
			name = Release;
		};
		E88BB6572AB744E300662E35 /* Debug */ = {
			isa = XCBuildConfiguration;
			buildSettings = {
				ASSETCATALOG_COMPILER_APPICON_NAME = AppIcon;
				ASSETCATALOG_COMPILER_GLOBAL_ACCENT_COLOR_NAME = AccentColor;
				CODE_SIGN_STYLE = Automatic;
				CURRENT_PROJECT_VERSION = 1;
				DEVELOPMENT_ASSET_PATHS = "\"SwiftUIButton/Preview Content\"";
				DEVELOPMENT_TEAM = Y65JAZKR5L;
				ENABLE_PREVIEWS = YES;
				GENERATE_INFOPLIST_FILE = YES;
				INFOPLIST_KEY_UIApplicationSceneManifest_Generation = YES;
				INFOPLIST_KEY_UIApplicationSupportsIndirectInputEvents = YES;
				INFOPLIST_KEY_UILaunchScreen_Generation = YES;
				INFOPLIST_KEY_UISupportedInterfaceOrientations_iPad = "UIInterfaceOrientationPortrait UIInterfaceOrientationPortraitUpsideDown UIInterfaceOrientationLandscapeLeft UIInterfaceOrientationLandscapeRight";
				INFOPLIST_KEY_UISupportedInterfaceOrientations_iPhone = "UIInterfaceOrientationPortrait UIInterfaceOrientationLandscapeLeft UIInterfaceOrientationLandscapeRight";
				LD_RUNPATH_SEARCH_PATHS = (
					"$(inherited)",
					"@executable_path/Frameworks",
				);
				MARKETING_VERSION = 1.0;
				PRODUCT_BUNDLE_IDENTIFIER = com.devmeist3r.SwiftUIButton;
				PRODUCT_NAME = "$(TARGET_NAME)";
				SWIFT_EMIT_LOC_STRINGS = YES;
				SWIFT_VERSION = 5.0;
				TARGETED_DEVICE_FAMILY = "1,2";
			};
			name = Debug;
		};
		E88BB6582AB744E300662E35 /* Release */ = {
			isa = XCBuildConfiguration;
			buildSettings = {
				ASSETCATALOG_COMPILER_APPICON_NAME = AppIcon;
				ASSETCATALOG_COMPILER_GLOBAL_ACCENT_COLOR_NAME = AccentColor;
				CODE_SIGN_STYLE = Automatic;
				CURRENT_PROJECT_VERSION = 1;
				DEVELOPMENT_ASSET_PATHS = "\"SwiftUIButton/Preview Content\"";
				DEVELOPMENT_TEAM = Y65JAZKR5L;
				ENABLE_PREVIEWS = YES;
				GENERATE_INFOPLIST_FILE = YES;
				INFOPLIST_KEY_UIApplicationSceneManifest_Generation = YES;
				INFOPLIST_KEY_UIApplicationSupportsIndirectInputEvents = YES;
				INFOPLIST_KEY_UILaunchScreen_Generation = YES;
				INFOPLIST_KEY_UISupportedInterfaceOrientations_iPad = "UIInterfaceOrientationPortrait UIInterfaceOrientationPortraitUpsideDown UIInterfaceOrientationLandscapeLeft UIInterfaceOrientationLandscapeRight";
				INFOPLIST_KEY_UISupportedInterfaceOrientations_iPhone = "UIInterfaceOrientationPortrait UIInterfaceOrientationLandscapeLeft UIInterfaceOrientationLandscapeRight";
				LD_RUNPATH_SEARCH_PATHS = (
					"$(inherited)",
					"@executable_path/Frameworks",
				);
				MARKETING_VERSION = 1.0;
				PRODUCT_BUNDLE_IDENTIFIER = com.devmeist3r.SwiftUIButton;
				PRODUCT_NAME = "$(TARGET_NAME)";
				SWIFT_EMIT_LOC_STRINGS = YES;
				SWIFT_VERSION = 5.0;
				TARGETED_DEVICE_FAMILY = "1,2";
			};
			name = Release;
		};
/* End XCBuildConfiguration section */

/* Begin XCConfigurationList section */
		E88BB6432AB744E100662E35 /* Build configuration list for PBXProject "SwiftUIButton" */ = {
			isa = XCConfigurationList;
			buildConfigurations = (
				E88BB6542AB744E300662E35 /* Debug */,
				E88BB6552AB744E300662E35 /* Release */,
			);
			defaultConfigurationIsVisible = 0;
			defaultConfigurationName = Release;
		};
		E88BB6562AB744E300662E35 /* Build configuration list for PBXNativeTarget "SwiftUIButton" */ = {
			isa = XCConfigurationList;
			buildConfigurations = (
				E88BB6572AB744E300662E35 /* Debug */,
				E88BB6582AB744E300662E35 /* Release */,
			);
			defaultConfigurationIsVisible = 0;
			defaultConfigurationName = Release;
		};
/* End XCConfigurationList section */
	};
	rootObject = E88BB6402AB744E100662E35 /* Project object */;
}
